
Microsoft Visual Studio Solution File, Format Version 12.00
# Visual Studio Version 17
VisualStudioVersion = 17.9.34728.123
MinimumVisualStudioVersion = 10.0.40219.1
Project("{FAE04EC0-301F-11D3-BF4B-00C04F79EFBC}") = "AppProyectoFinal", "AppProyectoFinal\AppProyectoFinal.csproj", "{51D313A7-3F92-444F-9BD6-87690E161D2D}"
EndProject
Global
	GlobalSection(SolutionConfigurationPlatforms) = preSolution
		Debug|Any CPU = Debug|Any CPU
		Release|Any CPU = Release|Any CPU
	EndGlobalSection
	GlobalSection(ProjectConfigurationPlatforms) = postSolution
		{51D313A7-3F92-444F-9BD6-87690E161D2D}.Debug|Any CPU.ActiveCfg = Debug|Any CPU
		{51D313A7-3F92-444F-9BD6-87690E161D2D}.Debug|Any CPU.Build.0 = Debug|Any CPU
		{51D313A7-3F92-444F-9BD6-87690E161D2D}.Debug|Any CPU.Deploy.0 = Debug|Any CPU
		{51D313A7-3F92-444F-9BD6-87690E161D2D}.Release|Any CPU.ActiveCfg = Release|Any CPU
		{51D313A7-3F92-444F-9BD6-87690E161D2D}.Release|Any CPU.Build.0 = Release|Any CPU
		{51D313A7-3F92-444F-9BD6-87690E161D2D}.Release|Any CPU.Deploy.0 = Release|Any CPU
	EndGlobalSection
	GlobalSection(SolutionProperties) = preSolution
		HideSolutionNode = FALSE
	EndGlobalSection
	GlobalSection(ExtensibilityGlobals) = postSolution
		SolutionGuid = {2B3CD3E5-D389-4B53-BDD5-9F83C41701AD}
	EndGlobalSection
EndGlobal
